{
    "monolog/monolog": {
        "version": "1.23.0"
    },
    "symfony/monolog-bridge": {
        "version": "v4.1.6"
    },
    "symfony/monolog-bundle": {
        "version": "3.1",
        "recipe": {
            "repo": "github.com/symfony/recipes",
            "branch": "master",
            "version": "3.1",
            "ref": "18ebf5a940573a20de06f9c4060101eeb438cf3d"
        }
    }
}
